
Microsoft Visual Studio Solution File, Format Version 12.00
# Visual Studio Version 16
VisualStudioVersion = 16.0.29709.97
MinimumVisualStudioVersion = 10.0.40219.1
Project("{9A19103F-16F7-4668-BE54-9A1E7A4F7556}") = "GoogleSheets", "GoogleSheets\GoogleSheets.csproj", "{CE705B30-1EC3-4358-8BAF-3F90DCBD9A81}"
EndProject
Project("{FAE04EC0-301F-11D3-BF4B-00C04F79EFBC}") = "GoogleApiIntegration", "GoogleApiIntegration\GoogleApiIntegration.csproj", "{973A507B-D041-45F8-8D4A-DDD43853B784}"
EndProject
Global
	GlobalSection(SolutionConfigurationPlatforms) = preSolution
		Debug|Any CPU = Debug|Any CPU
		Release|Any CPU = Release|Any CPU
	EndGlobalSection
	GlobalSection(ProjectConfigurationPlatforms) = postSolution
		{CE705B30-1EC3-4358-8BAF-3F90DCBD9A81}.Debug|Any CPU.ActiveCfg = Debug|Any CPU
		{CE705B30-1EC3-4358-8BAF-3F90DCBD9A81}.Debug|Any CPU.Build.0 = Debug|Any CPU
		{CE705B30-1EC3-4358-8BAF-3F90DCBD9A81}.Release|Any CPU.ActiveCfg = Release|Any CPU
		{CE705B30-1EC3-4358-8BAF-3F90DCBD9A81}.Release|Any CPU.Build.0 = Release|Any CPU
		{973A507B-D041-45F8-8D4A-DDD43853B784}.Debug|Any CPU.ActiveCfg = Debug|Any CPU
		{973A507B-D041-45F8-8D4A-DDD43853B784}.Debug|Any CPU.Build.0 = Debug|Any CPU
		{973A507B-D041-45F8-8D4A-DDD43853B784}.Release|Any CPU.ActiveCfg = Release|Any CPU
		{973A507B-D041-45F8-8D4A-DDD43853B784}.Release|Any CPU.Build.0 = Release|Any CPU
	EndGlobalSection
	GlobalSection(SolutionProperties) = preSolution
		HideSolutionNode = FALSE
	EndGlobalSection
	GlobalSection(ExtensibilityGlobals) = postSolution
		SolutionGuid = {7DDB5322-87FD-48E6-97CD-740D39BE218B}
	EndGlobalSection
EndGlobal
